
Microsoft Visual Studio Solution File, Format Version 12.00
# Visual Studio 15
VisualStudioVersion = 15.0.27130.2027
MinimumVisualStudioVersion = 10.0.40219.1
Project("{2150E333-8FDC-42A3-9474-1A3956D46DE8}") = "SOLID Principles", "SOLID Principles", "{F48FC0C2-FB93-4814-9CDC-CABE5580D659}"
EndProject
Project("{FAE04EC0-301F-11D3-BF4B-00C04F79EFBC}") = "SingleResponsibilityPrinciple", "SingleResponsibilityPrinciple\SingleResponsibilityPrinciple.csproj", "{EFCCA330-E1D1-416A-BCB1-99F4BFD5E4A7}"
EndProject
Project("{FAE04EC0-301F-11D3-BF4B-00C04F79EFBC}") = "OpenClosedPrinciple", "OpenClosedPrinciple\OpenClosedPrinciple.csproj", "{5DF56857-9D1D-4728-AA87-2B9B85CA0C22}"
EndProject
Project("{FAE04EC0-301F-11D3-BF4B-00C04F79EFBC}") = "LiskovSubstitution", "LiskovSubstitution\LiskovSubstitution.csproj", "{C4DF21A5-0A22-46BF-804D-C3751CEE2DAB}"
EndProject
Project("{FAE04EC0-301F-11D3-BF4B-00C04F79EFBC}") = "InterfaceSegregationPrinciple", "InterfaceSegregationPrinciple\InterfaceSegregationPrinciple.csproj", "{80462DF5-2A11-4B6D-9C2B-E9D5B5AD7706}"
EndProject
Project("{FAE04EC0-301F-11D3-BF4B-00C04F79EFBC}") = "DependencyInversionPrinciple", "DependencyInversionPrinciple\DependencyInversionPrinciple.csproj", "{0DDE5296-1D82-4079-A312-B1D1EE8631A8}"
EndProject
Global
	GlobalSection(SolutionConfigurationPlatforms) = preSolution
		Debug|Any CPU = Debug|Any CPU
		Release|Any CPU = Release|Any CPU
	EndGlobalSection
	GlobalSection(ProjectConfigurationPlatforms) = postSolution
		{EFCCA330-E1D1-416A-BCB1-99F4BFD5E4A7}.Debug|Any CPU.ActiveCfg = Debug|Any CPU
		{EFCCA330-E1D1-416A-BCB1-99F4BFD5E4A7}.Debug|Any CPU.Build.0 = Debug|Any CPU
		{EFCCA330-E1D1-416A-BCB1-99F4BFD5E4A7}.Release|Any CPU.ActiveCfg = Release|Any CPU
		{EFCCA330-E1D1-416A-BCB1-99F4BFD5E4A7}.Release|Any CPU.Build.0 = Release|Any CPU
		{5DF56857-9D1D-4728-AA87-2B9B85CA0C22}.Debug|Any CPU.ActiveCfg = Debug|Any CPU
		{5DF56857-9D1D-4728-AA87-2B9B85CA0C22}.Debug|Any CPU.Build.0 = Debug|Any CPU
		{5DF56857-9D1D-4728-AA87-2B9B85CA0C22}.Release|Any CPU.ActiveCfg = Release|Any CPU
		{5DF56857-9D1D-4728-AA87-2B9B85CA0C22}.Release|Any CPU.Build.0 = Release|Any CPU
		{C4DF21A5-0A22-46BF-804D-C3751CEE2DAB}.Debug|Any CPU.ActiveCfg = Debug|Any CPU
		{C4DF21A5-0A22-46BF-804D-C3751CEE2DAB}.Debug|Any CPU.Build.0 = Debug|Any CPU
		{C4DF21A5-0A22-46BF-804D-C3751CEE2DAB}.Release|Any CPU.ActiveCfg = Release|Any CPU
		{C4DF21A5-0A22-46BF-804D-C3751CEE2DAB}.Release|Any CPU.Build.0 = Release|Any CPU
		{80462DF5-2A11-4B6D-9C2B-E9D5B5AD7706}.Debug|Any CPU.ActiveCfg = Debug|Any CPU
		{80462DF5-2A11-4B6D-9C2B-E9D5B5AD7706}.Debug|Any CPU.Build.0 = Debug|Any CPU
		{80462DF5-2A11-4B6D-9C2B-E9D5B5AD7706}.Release|Any CPU.ActiveCfg = Release|Any CPU
		{80462DF5-2A11-4B6D-9C2B-E9D5B5AD7706}.Release|Any CPU.Build.0 = Release|Any CPU
		{0DDE5296-1D82-4079-A312-B1D1EE8631A8}.Debug|Any CPU.ActiveCfg = Debug|Any CPU
		{0DDE5296-1D82-4079-A312-B1D1EE8631A8}.Debug|Any CPU.Build.0 = Debug|Any CPU
		{0DDE5296-1D82-4079-A312-B1D1EE8631A8}.Release|Any CPU.ActiveCfg = Release|Any CPU
		{0DDE5296-1D82-4079-A312-B1D1EE8631A8}.Release|Any CPU.Build.0 = Release|Any CPU
	EndGlobalSection
	GlobalSection(SolutionProperties) = preSolution
		HideSolutionNode = FALSE
	EndGlobalSection
	GlobalSection(NestedProjects) = preSolution
		{EFCCA330-E1D1-416A-BCB1-99F4BFD5E4A7} = {F48FC0C2-FB93-4814-9CDC-CABE5580D659}
		{5DF56857-9D1D-4728-AA87-2B9B85CA0C22} = {F48FC0C2-FB93-4814-9CDC-CABE5580D659}
		{C4DF21A5-0A22-46BF-804D-C3751CEE2DAB} = {F48FC0C2-FB93-4814-9CDC-CABE5580D659}
		{80462DF5-2A11-4B6D-9C2B-E9D5B5AD7706} = {F48FC0C2-FB93-4814-9CDC-CABE5580D659}
		{0DDE5296-1D82-4079-A312-B1D1EE8631A8} = {F48FC0C2-FB93-4814-9CDC-CABE5580D659}
	EndGlobalSection
	GlobalSection(ExtensibilityGlobals) = postSolution
		SolutionGuid = {66B563A1-37DD-437C-A104-6C4FE5B40DBA}
	EndGlobalSection
EndGlobal
